[ "exreloader": {:git, "git://github.com/yrashk/exreloader.git", "1c23229b917893fcc03b1b4b2c932900baf3ba58", []},
  "genx": {:git, "git://github.com/yrashk/genx.git", "1b857fa422a47269d5f151ecababd83f4835527d", []},
  "jsonex": {:git, "git://github.com/marcelog/jsonex.git", "746c8492d66e130ee74cb2d857f8458fe3a2c0e2", [{:tag, "2.0"}]},
  "jsx": {:git, "git://github.com/talentdeficit/jsx.git", "cb14b92a228e51f7bdcaa7eb17f035e4a5c0b47d", [{:tag, "v1.3.3"}]},
  "ranch": {:git, "git://github.com/extend/ranch.git", "de9b6f7a707efd308a6d6535d8296c15ea277308", [{:tag, "0.4.0"}]} ]
